github.com/abema/crema v0.0.1 h1:ayqXFz3y99Z5MT2OqAO8cnJQCzn//GhYGaGK98Zh1Uo=
github.com/abema/crema v0.0.1/go.mod h1:16fUBydoLB69oCMyfaZGJWoK0KAvbHeoVmI+10yeNZg=
github.com/abema/crema v0.0.6 h1:wM2EhwzyuPI+kmIGBkyGTd72VTvcX5qiuII+gX2ky2o=
github.com/abema/crema v0.0.6/go.mod h1:16fUBydoLB69oCMyfaZGJWoK0KAvbHeoVmI+10yeNZg=
github.com/abema/crema v0.0.7 h1:ymnfoFrCSkqQ741lVV3ZvK0FTBFdPXJcLylp+mMWj1Y=
github.com/abema/crema v0.0.7/go.mod h1:16fUBydoLB69oCMyfaZGJWoK0KAvbHeoVmI+10yeNZg=
github.com/goccy/go-json v0.10.5 h1:Fq85nIqj+gXn/S5ahsiTlK3TmC85qgirsdTP/+DeaC4=
github.com/goccy/go-json v0.10.5/go.mod h1:oq7eo15ShAhp70Anwd5lgX2pLfOS3QCiwU/PULtXL6M=
