github.com/abema/crema v0.0.9 h1:4rkSBzqjvUhw0I0l3igq8nR3sGtXXi+bU7jl+OBFln8=
github.com/abema/crema v0.0.9/go.mod h1:16fUBydoLB69oCMyfaZGJWoK0KAvbHeoVmI+10yeNZg=
github.com/abema/crema v0.0.10 h1:F2lJO/zjK1EvgN8jhLy2OWxgNnqJZLMe392GKbiTEL0=
github.com/abema/crema v0.0.10/go.mod h1:16fUBydoLB69oCMyfaZGJWoK0KAvbHeoVmI+10yeNZg=
github.com/abema/crema v0.0.11 h1:XtKm7MYBzv3vDfdiPNBTZUZsR6h7tXpWo0QjzM9bfig=
github.com/abema/crema v0.0.11/go.mod h1:16fUBydoLB69oCMyfaZGJWoK0KAvbHeoVmI+10yeNZg=
github.com/abema/crema v0.1.1 h1:2dXG8EK9/VwQxWiFpe2/icbYyWm6cEgrSXlBmzzmyjY=
github.com/abema/crema v0.1.1/go.mod h1:16fUBydoLB69oCMyfaZGJWoK0KAvbHeoVmI+10yeNZg=
github.com/abema/crema v0.1.2 h1:Xknan9Yka5MCDNHlhHj02AJ24PkQ5V2vnJYC0H7fyvc=
github.com/abema/crema v0.1.2/go.mod h1:16fUBydoLB69oCMyfaZGJWoK0KAvbHeoVmI+10yeNZg=
github.com/abema/crema v0.1.3 h1:UKK60KcO04uO0M+a4yEufgvu5XYiaaXKJ8Vvl+kZTO0=
github.com/abema/crema v0.1.3/go.mod h1:16fUBydoLB69oCMyfaZGJWoK0KAvbHeoVmI+10yeNZg=
github.com/abema/crema v0.1.4 h1:HJlEMbDTPo2K8BX2E8Cxn6GNXEsEND1adFEVF+sIjmk=
github.com/abema/crema v0.1.4/go.mod h1:16fUBydoLB69oCMyfaZGJWoK0KAvbHeoVmI+10yeNZg=
github.com/hashicorp/golang-lru/v2 v2.0.7 h1:a+bsQ5rvGLjzHuww6tVxozPZFVghXaHOwFs4luLUK2k=
github.com/hashicorp/golang-lru/v2 v2.0.7/go.mod h1:QeFd9opnmA6QUJc5vARoKUSoFhyfM2/ZepoAG6RGpeM=
