github.com/abema/crema v0.0.9 h1:4rkSBzqjvUhw0I0l3igq8nR3sGtXXi+bU7jl+OBFln8=
github.com/abema/crema v0.0.9/go.mod h1:16fUBydoLB69oCMyfaZGJWoK0KAvbHeoVmI+10yeNZg=
github.com/abema/crema v0.0.10 h1:F2lJO/zjK1EvgN8jhLy2OWxgNnqJZLMe392GKbiTEL0=
github.com/abema/crema v0.0.10/go.mod h1:16fUBydoLB69oCMyfaZGJWoK0KAvbHeoVmI+10yeNZg=
github.com/google/go-cmp v0.7.0 h1:wk8382ETsv4JYUZwIsn6YpYiWiBsYLSJiTsyBybVuN8=
github.com/google/go-cmp v0.7.0/go.mod h1:pXiqmnSA92OHEEa9HXL2W4E7lf9JzCmGVUdgjX3N/iU=
google.golang.org/protobuf v1.36.11 h1:fV6ZwhNocDyBLK0dj+fg8ektcVegBBuEolpbTQyBNVE=
google.golang.org/protobuf v1.36.11/go.mod h1:HTf+CrKn2C3g5S8VImy6tdcUvCska2kB7j23XfzDpco=
