github.com/abema/crema v0.0.1 h1:ayqXFz3y99Z5MT2OqAO8cnJQCzn//GhYGaGK98Zh1Uo=
github.com/abema/crema v0.0.1/go.mod h1:16fUBydoLB69oCMyfaZGJWoK0KAvbHeoVmI+10yeNZg=
github.com/abema/crema v0.0.6 h1:wM2EhwzyuPI+kmIGBkyGTd72VTvcX5qiuII+gX2ky2o=
github.com/abema/crema v0.0.6/go.mod h1:16fUBydoLB69oCMyfaZGJWoK0KAvbHeoVmI+10yeNZg=
github.com/abema/crema v0.0.7 h1:ymnfoFrCSkqQ741lVV3ZvK0FTBFdPXJcLylp+mMWj1Y=
github.com/abema/crema v0.0.7/go.mod h1:16fUBydoLB69oCMyfaZGJWoK0KAvbHeoVmI+10yeNZg=
github.com/bradfitz/gomemcache v0.0.0-20250403215159-8d39553ac7cf h1:TqhNAT4zKbTdLa62d2HDBFdvgSbIGB3eJE8HqhgiL9I=
github.com/bradfitz/gomemcache v0.0.0-20250403215159-8d39553ac7cf/go.mod h1:r5xuitiExdLAJ09PR7vBVENGvp4ZuTBeWTGtxuX3K+c=
